
Microsoft Visual Studio Solution File, Format Version 12.00
# Visual Studio Version 17
VisualStudioVersion = 17.3.32922.545
MinimumVisualStudioVersion = 10.0.40219.1
Project("{FAE04EC0-301F-11D3-BF4B-00C04F79EFBC}") = "TetrisApp", "TetrisApp.csproj", "{662C8F4D-5D4E-45C9-A481-49F96DC95826}"
EndProject
Global
	GlobalSection(SolutionConfigurationPlatforms) = preSolution
		Debug|Any CPU = Debug|Any CPU
		Release|Any CPU = Release|Any CPU
	EndGlobalSection
	GlobalSection(ProjectConfigurationPlatforms) = postSolution
		{662C8F4D-5D4E-45C9-A481-49F96DC95826}.Debug|Any CPU.ActiveCfg = Debug|Any CPU
		{662C8F4D-5D4E-45C9-A481-49F96DC95826}.Debug|Any CPU.Build.0 = Debug|Any CPU
		{662C8F4D-5D4E-45C9-A481-49F96DC95826}.Release|Any CPU.ActiveCfg = Release|Any CPU
		{662C8F4D-5D4E-45C9-A481-49F96DC95826}.Release|Any CPU.Build.0 = Release|Any CPU
	EndGlobalSection
	GlobalSection(SolutionProperties) = preSolution
		HideSolutionNode = FALSE
	EndGlobalSection
	GlobalSection(ExtensibilityGlobals) = postSolution
		SolutionGuid = {A34F677E-9078-4C0A-9105-C70B5E02774D}
	EndGlobalSection
EndGlobal
